// !$*UTF8*$!
{
	archiveVersion = 1;
	classes = {
	};
	objectVersion = 46;
	objects = {

/* Begin PBXBuildFile section */
		D2B8A26F1BC6EA5200B4520F /* AppDelegate.swift in Sources */ = {isa = PBXBuildFile; fileRef = D2B8A26E1BC6EA5200B4520F /* AppDelegate.swift */; };
		D2B8A2711BC6EA5200B4520F /* ViewController.swift in Sources */ = {isa = PBXBuildFile; fileRef = D2B8A2701BC6EA5200B4520F /* ViewController.swift */; };
		D2B8A2741BC6EA5200B4520F /* Main.storyboard in Resources */ = {isa = PBXBuildFile; fileRef = D2B8A2721BC6EA5200B4520F /* Main.storyboard */; };
		D2B8A2761BC6EA5200B4520F /* Assets.xcassets in Resources */ = {isa = PBXBuildFile; fileRef = D2B8A2751BC6EA5200B4520F /* Assets.xcassets */; };
		D2B8A2791BC6EA5200B4520F /* LaunchScreen.storyboard in Resources */ = {isa = PBXBuildFile; fileRef = D2B8A2771BC6EA5200B4520F /* LaunchScreen.storyboard */; };
		D2B8A2841BC6EA5200B4520F /* Test1Tests.swift in Sources */ = {isa = PBXBuildFile; fileRef = D2B8A2831BC6EA5200B4520F /* Test1Tests.swift */; };
		D2B8A28F1BC6EA5200B4520F /* Test1UITests.swift in Sources */ = {isa = PBXBuildFile; fileRef = D2B8A28E1BC6EA5200B4520F /* Test1UITests.swift */; };
		D2B8A2941BC6EA5200B4520F /* Test1 WatchKit App.app in Embed Watch Content */ = {isa = PBXBuildFile; fileRef = D2B8A2931BC6EA5200B4520F /* Test1 WatchKit App.app */; };
		D2B8A29A1BC6EA5200B4520F /* Interface.storyboard in Resources */ = {isa = PBXBuildFile; fileRef = D2B8A2981BC6EA5200B4520F /* Interface.storyboard */; };
		D2B8A29C1BC6EA5200B4520F /* Assets.xcassets in Resources */ = {isa = PBXBuildFile; fileRef = D2B8A29B1BC6EA5200B4520F /* Assets.xcassets */; };
		D2B8A2A31BC6EA5200B4520F /* Test1 WatchKit Extension.appex in Embed App Extensions */ = {isa = PBXBuildFile; fileRef = D2B8A2A21BC6EA5200B4520F /* Test1 WatchKit Extension.appex */; settings = {ATTRIBUTES = (RemoveHeadersOnCopy, ); }; };
		D2B8A2AA1BC6EA5200B4520F /* InterfaceController.swift in Sources */ = {isa = PBXBuildFile; fileRef = D2B8A2A91BC6EA5200B4520F /* InterfaceController.swift */; };
		D2B8A2AC1BC6EA5200B4520F /* ExtensionDelegate.swift in Sources */ = {isa = PBXBuildFile; fileRef = D2B8A2AB1BC6EA5200B4520F /* ExtensionDelegate.swift */; };
		D2B8A2AE1BC6EA5200B4520F /* NotificationController.swift in Sources */ = {isa = PBXBuildFile; fileRef = D2B8A2AD1BC6EA5200B4520F /* NotificationController.swift */; };
		D2B8A2B01BC6EA5200B4520F /* GlanceController.swift in Sources */ = {isa = PBXBuildFile; fileRef = D2B8A2AF1BC6EA5200B4520F /* GlanceController.swift */; };
		D2B8A2B21BC6EA5200B4520F /* ComplicationController.swift in Sources */ = {isa = PBXBuildFile; fileRef = D2B8A2B11BC6EA5200B4520F /* ComplicationController.swift */; };
		D2B8A2B41BC6EA5200B4520F /* Assets.xcassets in Resources */ = {isa = PBXBuildFile; fileRef = D2B8A2B31BC6EA5200B4520F /* Assets.xcassets */; };
/* End PBXBuildFile section */

/* Begin PBXContainerItemProxy section */
		D2B8A2801BC6EA5200B4520F /* PBXContainerItemProxy */ = {
			isa = PBXContainerItemProxy;
			containerPortal = D2B8A2631BC6EA5200B4520F /* Project object */;
			proxyType = 1;
			remoteGlobalIDString = D2B8A26A1BC6EA5200B4520F;
			remoteInfo = Test1;
		};
		D2B8A28B1BC6EA5200B4520F /* PBXContainerItemProxy */ = {
			isa = PBXContainerItemProxy;
			containerPortal = D2B8A2631BC6EA5200B4520F /* Project object */;
			proxyType = 1;
			remoteGlobalIDString = D2B8A26A1BC6EA5200B4520F;
			remoteInfo = Test1;
		};
		D2B8A2951BC6EA5200B4520F /* PBXContainerItemProxy */ = {
			isa = PBXContainerItemProxy;
			containerPortal = D2B8A2631BC6EA5200B4520F /* Project object */;
			proxyType = 1;
			remoteGlobalIDString = D2B8A2921BC6EA5200B4520F;
			remoteInfo = "Test1 WatchKit App";
		};
		D2B8A2A41BC6EA5200B4520F /* PBXContainerItemProxy */ = {
			isa = PBXContainerItemProxy;
			containerPortal = D2B8A2631BC6EA5200B4520F /* Project object */;
			proxyType = 1;
			remoteGlobalIDString = D2B8A2A11BC6EA5200B4520F;
			remoteInfo = "Test1 WatchKit Extension";
		};
/* End PBXContainerItemProxy section */

/* Begin PBXCopyFilesBuildPhase section */
		D2B8A2BB1BC6EA5200B4520F /* Embed App Extensions */ = {
			isa = PBXCopyFilesBuildPhase;
			buildActionMask = 2147483647;
			dstPath = "";
			dstSubfolderSpec = 13;
			files = (
				D2B8A2A31BC6EA5200B4520F /* Test1 WatchKit Extension.appex in Embed App Extensions */,
			);
			name = "Embed App Extensions";
			runOnlyForDeploymentPostprocessing = 0;
		};
		D2B8A2BF1BC6EA5200B4520F /* Embed Watch Content */ = {
			isa = PBXCopyFilesBuildPhase;
			buildActionMask = 2147483647;
			dstPath = "$(CONTENTS_FOLDER_PATH)/Watch";
			dstSubfolderSpec = 16;
			files = (
				D2B8A2941BC6EA5200B4520F /* Test1 WatchKit App.app in Embed Watch Content */,
			);
			name = "Embed Watch Content";
			runOnlyForDeploymentPostprocessing = 0;
		};
/* End PBXCopyFilesBuildPhase section */

/* Begin PBXFileReference section */
		D2B8A26B1BC6EA5200B4520F /* Test1.app */ = {isa = PBXFileReference; explicitFileType = wrapper.application; includeInIndex = 0; path = Test1.app; sourceTree = BUILT_PRODUCTS_DIR; };
		D2B8A26E1BC6EA5200B4520F /* AppDelegate.swift */ = {isa = PBXFileReference; lastKnownFileType = sourcecode.swift; path = AppDelegate.swift; sourceTree = "<group>"; };
		D2B8A2701BC6EA5200B4520F /* ViewController.swift */ = {isa = PBXFileReference; lastKnownFileType = sourcecode.swift; path = ViewController.swift; sourceTree = "<group>"; };
		D2B8A2731BC6EA5200B4520F /* Base */ = {isa = PBXFileReference; lastKnownFileType = file.storyboard; name = Base; path = Base.lproj/Main.storyboard; sourceTree = "<group>"; };
		D2B8A2751BC6EA5200B4520F /* Assets.xcassets */ = {isa = PBXFileReference; lastKnownFileType = folder.assetcatalog; path = Assets.xcassets; sourceTree = "<group>"; };
		D2B8A2781BC6EA5200B4520F /* Base */ = {isa = PBXFileReference; lastKnownFileType = file.storyboard; name = Base; path = Base.lproj/LaunchScreen.storyboard; sourceTree = "<group>"; };
		D2B8A27A1BC6EA5200B4520F /* Info.plist */ = {isa = PBXFileReference; lastKnownFileType = text.plist.xml; path = Info.plist; sourceTree = "<group>"; };
		D2B8A27F1BC6EA5200B4520F /* Test1Tests.xctest */ = {isa = PBXFileReference; explicitFileType = wrapper.cfbundle; includeInIndex = 0; path = Test1Tests.xctest; sourceTree = BUILT_PRODUCTS_DIR; };
		D2B8A2831BC6EA5200B4520F /* Test1Tests.swift */ = {isa = PBXFileReference; lastKnownFileType = sourcecode.swift; path = Test1Tests.swift; sourceTree = "<group>"; };
		D2B8A2851BC6EA5200B4520F /* Info.plist */ = {isa = PBXFileReference; lastKnownFileType = text.plist.xml; path = Info.plist; sourceTree = "<group>"; };
		D2B8A28A1BC6EA5200B4520F /* Test1UITests.xctest */ = {isa = PBXFileReference; explicitFileType = wrapper.cfbundle; includeInIndex = 0; path = Test1UITests.xctest; sourceTree = BUILT_PRODUCTS_DIR; };
		D2B8A28E1BC6EA5200B4520F /* Test1UITests.swift */ = {isa = PBXFileReference; lastKnownFileType = sourcecode.swift; path = Test1UITests.swift; sourceTree = "<group>"; };
		D2B8A2901BC6EA5200B4520F /* Info.plist */ = {isa = PBXFileReference; lastKnownFileType = text.plist.xml; path = Info.plist; sourceTree = "<group>"; };
		D2B8A2931BC6EA5200B4520F /* Test1 WatchKit App.app */ = {isa = PBXFileReference; explicitFileType = wrapper.application; includeInIndex = 0; path = "Test1 WatchKit App.app"; sourceTree = BUILT_PRODUCTS_DIR; };
		D2B8A2991BC6EA5200B4520F /* Base */ = {isa = PBXFileReference; lastKnownFileType = file.storyboard; name = Base; path = Base.lproj/Interface.storyboard; sourceTree = "<group>"; };
		D2B8A29B1BC6EA5200B4520F /* Assets.xcassets */ = {isa = PBXFileReference; lastKnownFileType = folder.assetcatalog; path = Assets.xcassets; sourceTree = "<group>"; };
		D2B8A29D1BC6EA5200B4520F /* Info.plist */ = {isa = PBXFileReference; lastKnownFileType = text.plist.xml; path = Info.plist; sourceTree = "<group>"; };
		D2B8A2A21BC6EA5200B4520F /* Test1 WatchKit Extension.appex */ = {isa = PBXFileReference; explicitFileType = "wrapper.app-extension"; includeInIndex = 0; path = "Test1 WatchKit Extension.appex"; sourceTree = BUILT_PRODUCTS_DIR; };
		D2B8A2A81BC6EA5200B4520F /* PushNotificationPayload.apns */ = {isa = PBXFileReference; lastKnownFileType = text; path = PushNotificationPayload.apns; sourceTree = "<group>"; };
		D2B8A2A91BC6EA5200B4520F /* InterfaceController.swift */ = {isa = PBXFileReference; lastKnownFileType = sourcecode.swift; path = InterfaceController.swift; sourceTree = "<group>"; };
		D2B8A2AB1BC6EA5200B4520F /* ExtensionDelegate.swift */ = {isa = PBXFileReference; lastKnownFileType = sourcecode.swift; path = ExtensionDelegate.swift; sourceTree = "<group>"; };
		D2B8A2AD1BC6EA5200B4520F /* NotificationController.swift */ = {isa = PBXFileReference; lastKnownFileType = sourcecode.swift; path = NotificationController.swift; sourceTree = "<group>"; };
		D2B8A2AF1BC6EA5200B4520F /* GlanceController.swift */ = {isa = PBXFileReference; lastKnownFileType = sourcecode.swift; path = GlanceController.swift; sourceTree = "<group>"; };
		D2B8A2B11BC6EA5200B4520F /* ComplicationController.swift */ = {isa = PBXFileReference; lastKnownFileType = sourcecode.swift; path = ComplicationController.swift; sourceTree = "<group>"; };
		D2B8A2B31BC6EA5200B4520F /* Assets.xcassets */ = {isa = PBXFileReference; lastKnownFileType = folder.assetcatalog; path = Assets.xcassets; sourceTree = "<group>"; };
		D2B8A2B51BC6EA5200B4520F /* Info.plist */ = {isa = PBXFileReference; lastKnownFileType = text.plist.xml; path = Info.plist; sourceTree = "<group>"; };
/* End PBXFileReference section */

/* Begin PBXFrameworksBuildPhase section */
		D2B8A2681BC6EA5200B4520F /* Frameworks */ = {
			isa = PBXFrameworksBuildPhase;
			buildActionMask = 2147483647;
			files = (
			);
			runOnlyForDeploymentPostprocessing = 0;
		};
		D2B8A27C1BC6EA5200B4520F /* Frameworks */ = {
			isa = PBXFrameworksBuildPhase;
			buildActionMask = 2147483647;
			files = (
			);
			runOnlyForDeploymentPostprocessing = 0;
		};
		D2B8A2871BC6EA5200B4520F /* Frameworks */ = {
			isa = PBXFrameworksBuildPhase;
			buildActionMask = 2147483647;
			files = (
			);
			runOnlyForDeploymentPostprocessing = 0;
		};
		D2B8A29F1BC6EA5200B4520F /* Frameworks */ = {
			isa = PBXFrameworksBuildPhase;
			buildActionMask = 2147483647;
			files = (
			);
			runOnlyForDeploymentPostprocessing = 0;
		};
/* End PBXFrameworksBuildPhase section */

/* Begin PBXGroup section */
		D2B8A2621BC6EA5200B4520F = {
			isa = PBXGroup;
			children = (
				D2B8A26D1BC6EA5200B4520F /* Test1 */,
				D2B8A2821BC6EA5200B4520F /* Test1Tests */,
				D2B8A28D1BC6EA5200B4520F /* Test1UITests */,
				D2B8A2971BC6EA5200B4520F /* Test1 WatchKit App */,
				D2B8A2A61BC6EA5200B4520F /* Test1 WatchKit Extension */,
				D2B8A26C1BC6EA5200B4520F /* Products */,
			);
			sourceTree = "<group>";
		};
		D2B8A26C1BC6EA5200B4520F /* Products */ = {
			isa = PBXGroup;
			children = (
				D2B8A26B1BC6EA5200B4520F /* Test1.app */,
				D2B8A27F1BC6EA5200B4520F /* Test1Tests.xctest */,
				D2B8A28A1BC6EA5200B4520F /* Test1UITests.xctest */,
				D2B8A2931BC6EA5200B4520F /* Test1 WatchKit App.app */,
				D2B8A2A21BC6EA5200B4520F /* Test1 WatchKit Extension.appex */,
			);
			name = Products;
			sourceTree = "<group>";
		};
		D2B8A26D1BC6EA5200B4520F /* Test1 */ = {
			isa = PBXGroup;
			children = (
				D2B8A26E1BC6EA5200B4520F /* AppDelegate.swift */,
				D2B8A2701BC6EA5200B4520F /* ViewController.swift */,
				D2B8A2721BC6EA5200B4520F /* Main.storyboard */,
				D2B8A2751BC6EA5200B4520F /* Assets.xcassets */,
				D2B8A2771BC6EA5200B4520F /* LaunchScreen.storyboard */,
				D2B8A27A1BC6EA5200B4520F /* Info.plist */,
			);
			path = Test1;
			sourceTree = "<group>";
		};
		D2B8A2821BC6EA5200B4520F /* Test1Tests */ = {
			isa = PBXGroup;
			children = (
				D2B8A2831BC6EA5200B4520F /* Test1Tests.swift */,
				D2B8A2851BC6EA5200B4520F /* Info.plist */,
			);
			path = Test1Tests;
			sourceTree = "<group>";
		};
		D2B8A28D1BC6EA5200B4520F /* Test1UITests */ = {
			isa = PBXGroup;
			children = (
				D2B8A28E1BC6EA5200B4520F /* Test1UITests.swift */,
				D2B8A2901BC6EA5200B4520F /* Info.plist */,
			);
			path = Test1UITests;
			sourceTree = "<group>";
		};
		D2B8A2971BC6EA5200B4520F /* Test1 WatchKit App */ = {
			isa = PBXGroup;
			children = (
				D2B8A2981BC6EA5200B4520F /* Interface.storyboard */,
				D2B8A29B1BC6EA5200B4520F /* Assets.xcassets */,
				D2B8A29D1BC6EA5200B4520F /* Info.plist */,
			);
			path = "Test1 WatchKit App";
			sourceTree = "<group>";
		};
		D2B8A2A61BC6EA5200B4520F /* Test1 WatchKit Extension */ = {
			isa = PBXGroup;
			children = (
				D2B8A2A91BC6EA5200B4520F /* InterfaceController.swift */,
				D2B8A2AB1BC6EA5200B4520F /* ExtensionDelegate.swift */,
				D2B8A2AD1BC6EA5200B4520F /* NotificationController.swift */,
				D2B8A2AF1BC6EA5200B4520F /* GlanceController.swift */,
				D2B8A2B11BC6EA5200B4520F /* ComplicationController.swift */,
				D2B8A2B31BC6EA5200B4520F /* Assets.xcassets */,
				D2B8A2B51BC6EA5200B4520F /* Info.plist */,
				D2B8A2A71BC6EA5200B4520F /* Supporting Files */,
			);
			path = "Test1 WatchKit Extension";
			sourceTree = "<group>";
		};
		D2B8A2A71BC6EA5200B4520F /* Supporting Files */ = {
			isa = PBXGroup;
			children = (
				D2B8A2A81BC6EA5200B4520F /* PushNotificationPayload.apns */,
			);
			name = "Supporting Files";
			sourceTree = "<group>";
		};
/* End PBXGroup section */

/* Begin PBXNativeTarget section */
		D2B8A26A1BC6EA5200B4520F /* Test1 */ = {
			isa = PBXNativeTarget;
			buildConfigurationList = D2B8A2C01BC6EA5200B4520F /* Build configuration list for PBXNativeTarget "Test1" */;
			buildPhases = (
				D2B8A2671BC6EA5200B4520F /* Sources */,
				D2B8A2681BC6EA5200B4520F /* Frameworks */,
				D2B8A2691BC6EA5200B4520F /* Resources */,
				D2B8A2BF1BC6EA5200B4520F /* Embed Watch Content */,
			);
			buildRules = (
			);
			dependencies = (
				D2B8A2961BC6EA5200B4520F /* PBXTargetDependency */,
			);
			name = Test1;
			productName = Test1;
			productReference = D2B8A26B1BC6EA5200B4520F /* Test1.app */;
			productType = "com.apple.product-type.application";
		};
		D2B8A27E1BC6EA5200B4520F /* Test1Tests */ = {
			isa = PBXNativeTarget;
			buildConfigurationList = D2B8A2C31BC6EA5200B4520F /* Build configuration list for PBXNativeTarget "Test1Tests" */;
			buildPhases = (
				D2B8A27B1BC6EA5200B4520F /* Sources */,
				D2B8A27C1BC6EA5200B4520F /* Frameworks */,
				D2B8A27D1BC6EA5200B4520F /* Resources */,
			);
			buildRules = (
			);
			dependencies = (
				D2B8A2811BC6EA5200B4520F /* PBXTargetDependency */,
			);
			name = Test1Tests;
			productName = Test1Tests;
			productReference = D2B8A27F1BC6EA5200B4520F /* Test1Tests.xctest */;
			productType = "com.apple.product-type.bundle.unit-test";
		};
		D2B8A2891BC6EA5200B4520F /* Test1UITests */ = {
			isa = PBXNativeTarget;
			buildConfigurationList = D2B8A2C61BC6EA5200B4520F /* Build configuration list for PBXNativeTarget "Test1UITests" */;
			buildPhases = (
				D2B8A2861BC6EA5200B4520F /* Sources */,
				D2B8A2871BC6EA5200B4520F /* Frameworks */,
				D2B8A2881BC6EA5200B4520F /* Resources */,
			);
			buildRules = (
			);
			dependencies = (
				D2B8A28C1BC6EA5200B4520F /* PBXTargetDependency */,
			);
			name = Test1UITests;
			productName = Test1UITests;
			productReference = D2B8A28A1BC6EA5200B4520F /* Test1UITests.xctest */;
			productType = "com.apple.product-type.bundle.ui-testing";
		};
		D2B8A2921BC6EA5200B4520F /* Test1 WatchKit App */ = {
			isa = PBXNativeTarget;
			buildConfigurationList = D2B8A2BC1BC6EA5200B4520F /* Build configuration list for PBXNativeTarget "Test1 WatchKit App" */;
			buildPhases = (
				D2B8A2911BC6EA5200B4520F /* Resources */,
				D2B8A2BB1BC6EA5200B4520F /* Embed App Extensions */,
			);
			buildRules = (
			);
			dependencies = (
				D2B8A2A51BC6EA5200B4520F /* PBXTargetDependency */,
			);
			name = "Test1 WatchKit App";
			productName = "Test1 WatchKit App";
			productReference = D2B8A2931BC6EA5200B4520F /* Test1 WatchKit App.app */;
			productType = "com.apple.product-type.application.watchapp2";
		};
		D2B8A2A11BC6EA5200B4520F /* Test1 WatchKit Extension */ = {
			isa = PBXNativeTarget;
			buildConfigurationList = D2B8A2B81BC6EA5200B4520F /* Build configuration list for PBXNativeTarget "Test1 WatchKit Extension" */;
			buildPhases = (
				D2B8A29E1BC6EA5200B4520F /* Sources */,
				D2B8A29F1BC6EA5200B4520F /* Frameworks */,
				D2B8A2A01BC6EA5200B4520F /* Resources */,
			);
			buildRules = (
			);
			dependencies = (
			);
			name = "Test1 WatchKit Extension";
			productName = "Test1 WatchKit Extension";
			productReference = D2B8A2A21BC6EA5200B4520F /* Test1 WatchKit Extension.appex */;
			productType = "com.apple.product-type.watchkit2-extension";
		};
/* End PBXNativeTarget section */

/* Begin PBXProject section */
		D2B8A2631BC6EA5200B4520F /* Project object */ = {
			isa = PBXProject;
			attributes = {
				LastUpgradeCheck = 0700;
				ORGANIZATIONNAME = "Scott Clark";
				TargetAttributes = {
					D2B8A26A1BC6EA5200B4520F = {
						CreatedOnToolsVersion = 7.0.1;
					};
					D2B8A27E1BC6EA5200B4520F = {
						CreatedOnToolsVersion = 7.0.1;
						TestTargetID = D2B8A26A1BC6EA5200B4520F;
					};
					D2B8A2891BC6EA5200B4520F = {
						CreatedOnToolsVersion = 7.0.1;
						TestTargetID = D2B8A26A1BC6EA5200B4520F;
					};
					D2B8A2921BC6EA5200B4520F = {
						CreatedOnToolsVersion = 7.0.1;
					};
					D2B8A2A11BC6EA5200B4520F = {
						CreatedOnToolsVersion = 7.0.1;
					};
				};
			};
			buildConfigurationList = D2B8A2661BC6EA5200B4520F /* Build configuration list for PBXProject "Test1" */;
			compatibilityVersion = "Xcode 3.2";
			developmentRegion = English;
			hasScannedForEncodings = 0;
			knownRegions = (
				en,
				Base,
			);
			mainGroup = D2B8A2621BC6EA5200B4520F;
			productRefGroup = D2B8A26C1BC6EA5200B4520F /* Products */;
			projectDirPath = "";
			projectRoot = "";
			targets = (
				D2B8A26A1BC6EA5200B4520F /* Test1 */,
				D2B8A27E1BC6EA5200B4520F /* Test1Tests */,
				D2B8A2891BC6EA5200B4520F /* Test1UITests */,
				D2B8A2921BC6EA5200B4520F /* Test1 WatchKit App */,
				D2B8A2A11BC6EA5200B4520F /* Test1 WatchKit Extension */,
			);
		};
/* End PBXProject section */

/* Begin PBXResourcesBuildPhase section */
		D2B8A2691BC6EA5200B4520F /* Resources */ = {
			isa = PBXResourcesBuildPhase;
			buildActionMask = 2147483647;
			files = (
				D2B8A2791BC6EA5200B4520F /* LaunchScreen.storyboard in Resources */,
				D2B8A2761BC6EA5200B4520F /* Assets.xcassets in Resources */,
				D2B8A2741BC6EA5200B4520F /* Main.storyboard in Resources */,
			);
			runOnlyForDeploymentPostprocessing = 0;
		};
		D2B8A27D1BC6EA5200B4520F /* Resources */ = {
			isa = PBXResourcesBuildPhase;
			buildActionMask = 2147483647;
			files = (
			);
			runOnlyForDeploymentPostprocessing = 0;
		};
		D2B8A2881BC6EA5200B4520F /* Resources */ = {
			isa = PBXResourcesBuildPhase;
			buildActionMask = 2147483647;
			files = (
			);
			runOnlyForDeploymentPostprocessing = 0;
		};
		D2B8A2911BC6EA5200B4520F /* Resources */ = {
			isa = PBXResourcesBuildPhase;
			buildActionMask = 2147483647;
			files = (
				D2B8A29C1BC6EA5200B4520F /* Assets.xcassets in Resources */,
				D2B8A29A1BC6EA5200B4520F /* Interface.storyboard in Resources */,
			);
			runOnlyForDeploymentPostprocessing = 0;
		};
		D2B8A2A01BC6EA5200B4520F /* Resources */ = {
			isa = PBXResourcesBuildPhase;
			buildActionMask = 2147483647;
			files = (
				D2B8A2B41BC6EA5200B4520F /* Assets.xcassets in Resources */,
			);
			runOnlyForDeploymentPostprocessing = 0;
		};
/* End PBXResourcesBuildPhase section */

/* Begin PBXSourcesBuildPhase section */
		D2B8A2671BC6EA5200B4520F /* Sources */ = {
			isa = PBXSourcesBuildPhase;
			buildActionMask = 2147483647;
			files = (
				D2B8A2711BC6EA5200B4520F /* ViewController.swift in Sources */,
				D2B8A26F1BC6EA5200B4520F /* AppDelegate.swift in Sources */,
			);
			runOnlyForDeploymentPostprocessing = 0;
		};
		D2B8A27B1BC6EA5200B4520F /* Sources */ = {
			isa = PBXSourcesBuildPhase;
			buildActionMask = 2147483647;
			files = (
				D2B8A2841BC6EA5200B4520F /* Test1Tests.swift in Sources */,
			);
			runOnlyForDeploymentPostprocessing = 0;
		};
		D2B8A2861BC6EA5200B4520F /* Sources */ = {
			isa = PBXSourcesBuildPhase;
			buildActionMask = 2147483647;
			files = (
				D2B8A28F1BC6EA5200B4520F /* Test1UITests.swift in Sources */,
			);
			runOnlyForDeploymentPostprocessing = 0;
		};
		D2B8A29E1BC6EA5200B4520F /* Sources */ = {
			isa = PBXSourcesBuildPhase;
			buildActionMask = 2147483647;
			files = (
				D2B8A2AE1BC6EA5200B4520F /* NotificationController.swift in Sources */,
				D2B8A2AC1BC6EA5200B4520F /* ExtensionDelegate.swift in Sources */,
				D2B8A2B21BC6EA5200B4520F /* ComplicationController.swift in Sources */,
				D2B8A2AA1BC6EA5200B4520F /* InterfaceController.swift in Sources */,
				D2B8A2B01BC6EA5200B4520F /* GlanceController.swift in Sources */,
			);
			runOnlyForDeploymentPostprocessing = 0;
		};
/* End PBXSourcesBuildPhase section */

/* Begin PBXTargetDependency section */
		D2B8A2811BC6EA5200B4520F /* PBXTargetDependency */ = {
			isa = PBXTargetDependency;
			target = D2B8A26A1BC6EA5200B4520F /* Test1 */;
			targetProxy = D2B8A2801BC6EA5200B4520F /* PBXContainerItemProxy */;
		};
		D2B8A28C1BC6EA5200B4520F /* PBXTargetDependency */ = {
			isa = PBXTargetDependency;
			target = D2B8A26A1BC6EA5200B4520F /* Test1 */;
			targetProxy = D2B8A28B1BC6EA5200B4520F /* PBXContainerItemProxy */;
		};
		D2B8A2961BC6EA5200B4520F /* PBXTargetDependency */ = {
			isa = PBXTargetDependency;
			target = D2B8A2921BC6EA5200B4520F /* Test1 WatchKit App */;
			targetProxy = D2B8A2951BC6EA5200B4520F /* PBXContainerItemProxy */;
		};
		D2B8A2A51BC6EA5200B4520F /* PBXTargetDependency */ = {
			isa = PBXTargetDependency;
			target = D2B8A2A11BC6EA5200B4520F /* Test1 WatchKit Extension */;
			targetProxy = D2B8A2A41BC6EA5200B4520F /* PBXContainerItemProxy */;
		};
/* End PBXTargetDependency section */

/* Begin PBXVariantGroup section */
		D2B8A2721BC6EA5200B4520F /* Main.storyboard */ = {
			isa = PBXVariantGroup;
			children = (
				D2B8A2731BC6EA5200B4520F /* Base */,
			);
			name = Main.storyboard;
			sourceTree = "<group>";
		};
		D2B8A2771BC6EA5200B4520F /* LaunchScreen.storyboard */ = {
			isa = PBXVariantGroup;
			children = (
				D2B8A2781BC6EA5200B4520F /* Base */,
			);
			name = LaunchScreen.storyboard;
			sourceTree = "<group>";
		};
		D2B8A2981BC6EA5200B4520F /* Interface.storyboard */ = {
			isa = PBXVariantGroup;
			children = (
				D2B8A2991BC6EA5200B4520F /* Base */,
			);
			name = Interface.storyboard;
			sourceTree = "<group>";
		};
/* End PBXVariantGroup section */

/* Begin XCBuildConfiguration section */
		D2B8A2B61BC6EA5200B4520F /* Debug */ = {
			isa = XCBuildConfiguration;
			buildSettings = {
				ALWAYS_SEARCH_USER_PATHS = NO;
				CLANG_CXX_LANGUAGE_STANDARD = "gnu++0x";
				CLANG_CXX_LIBRARY = "libc++";
				CLANG_ENABLE_MODULES = YES;
				CLANG_ENABLE_OBJC_ARC = YES;
				CLANG_WARN_BOOL_CONVERSION = YES;
				CLANG_WARN_CONSTANT_CONVERSION = YES;
				CLANG_WARN_DIRECT_OBJC_ISA_USAGE = YES_ERROR;
				CLANG_WARN_EMPTY_BODY = YES;
				CLANG_WARN_ENUM_CONVERSION = YES;
				CLANG_WARN_INT_CONVERSION = YES;
				CLANG_WARN_OBJC_ROOT_CLASS = YES_ERROR;
				CLANG_WARN_UNREACHABLE_CODE = YES;
				CLANG_WARN__DUPLICATE_METHOD_MATCH = YES;
				"CODE_SIGN_IDENTITY[sdk=iphoneos*]" = "iPhone Developer";
				COPY_PHASE_STRIP = NO;
				DEBUG_INFORMATION_FORMAT = dwarf;
				ENABLE_STRICT_OBJC_MSGSEND = YES;
				ENABLE_TESTABILITY = YES;
				GCC_C_LANGUAGE_STANDARD = gnu99;
				GCC_DYNAMIC_NO_PIC = NO;
				GCC_NO_COMMON_BLOCKS = YES;
				GCC_OPTIMIZATION_LEVEL = 0;
				GCC_PREPROCESSOR_DEFINITIONS = (
					"DEBUG=1",
					"$(inherited)",
				);
				GCC_WARN_64_TO_32_BIT_CONVERSION = YES;
				GCC_WARN_ABOUT_RETURN_TYPE = YES_ERROR;
				GCC_WARN_UNDECLARED_SELECTOR = YES;
				GCC_WARN_UNINITIALIZED_AUTOS = YES_AGGRESSIVE;
				GCC_WARN_UNUSED_FUNCTION = YES;
				GCC_WARN_UNUSED_VARIABLE = YES;
				IPHONEOS_DEPLOYMENT_TARGET = 9.0;
				MTL_ENABLE_DEBUG_INFO = YES;
				ONLY_ACTIVE_ARCH = YES;
				SDKROOT = iphoneos;
				SWIFT_OPTIMIZATION_LEVEL = "-Onone";
				TARGETED_DEVICE_FAMILY = "1,2";
			};
			name = Debug;
		};
		D2B8A2B71BC6EA5200B4520F /* Release */ = {
			isa = XCBuildConfiguration;
			buildSettings = {
				ALWAYS_SEARCH_USER_PATHS = NO;
				CLANG_CXX_LANGUAGE_STANDARD = "gnu++0x";
				CLANG_CXX_LIBRARY = "libc++";
				CLANG_ENABLE_MODULES = YES;
				CLANG_ENABLE_OBJC_ARC = YES;
				CLANG_WARN_BOOL_CONVERSION = YES;
				CLANG_WARN_CONSTANT_CONVERSION = YES;
				CLANG_WARN_DIRECT_OBJC_ISA_USAGE = YES_ERROR;
				CLANG_WARN_EMPTY_BODY = YES;
				CLANG_WARN_ENUM_CONVERSION = YES;
				CLANG_WARN_INT_CONVERSION = YES;
				CLANG_WARN_OBJC_ROOT_CLASS = YES_ERROR;
				CLANG_WARN_UNREACHABLE_CODE = YES;
				CLANG_WARN__DUPLICATE_METHOD_MATCH = YES;
				"CODE_SIGN_IDENTITY[sdk=iphoneos*]" = "iPhone Developer";
				COPY_PHASE_STRIP = NO;
				DEBUG_INFORMATION_FORMAT = "dwarf-with-dsym";
				ENABLE_NS_ASSERTIONS = NO;
				ENABLE_STRICT_OBJC_MSGSEND = YES;
				GCC_C_LANGUAGE_STANDARD = gnu99;
				GCC_NO_COMMON_BLOCKS = YES;
				GCC_WARN_64_TO_32_BIT_CONVERSION = YES;
				GCC_WARN_ABOUT_RETURN_TYPE = YES_ERROR;
				GCC_WARN_UNDECLARED_SELECTOR = YES;
				GCC_WARN_UNINITIALIZED_AUTOS = YES_AGGRESSIVE;
				GCC_WARN_UNUSED_FUNCTION = YES;
				GCC_WARN_UNUSED_VARIABLE = YES;
				IPHONEOS_DEPLOYMENT_TARGET = 9.0;
				MTL_ENABLE_DEBUG_INFO = NO;
				SDKROOT = iphoneos;
				TARGETED_DEVICE_FAMILY = "1,2";
				VALIDATE_PRODUCT = YES;
			};
			name = Release;
		};
		D2B8A2B91BC6EA5200B4520F /* Debug */ = {
			isa = XCBuildConfiguration;
			buildSettings = {
				ASSETCATALOG_COMPILER_COMPLICATION_NAME = Complication;
				INFOPLIST_FILE = "Test1 WatchKit Extension/Info.plist";
				LD_RUNPATH_SEARCH_PATHS = "$(inherited) @executable_path/Frameworks @executable_path/../../Frameworks";
				PRODUCT_BUNDLE_IDENTIFIER = com.thunderweb.Test1.watchkitapp.watchkitextension;
				PRODUCT_NAME = "${TARGET_NAME}";
				SDKROOT = watchos;
				SKIP_INSTALL = YES;
				TARGETED_DEVICE_FAMILY = 4;
				WATCHOS_DEPLOYMENT_TARGET = 2.0;
			};
			name = Debug;
		};
		D2B8A2BA1BC6EA5200B4520F /* Release */ = {
			isa = XCBuildConfiguration;
			buildSettings = {
				ASSETCATALOG_COMPILER_COMPLICATION_NAME = Complication;
				INFOPLIST_FILE = "Test1 WatchKit Extension/Info.plist";
				LD_RUNPATH_SEARCH_PATHS = "$(inherited) @executable_path/Frameworks @executable_path/../../Frameworks";
				PRODUCT_BUNDLE_IDENTIFIER = com.thunderweb.Test1.watchkitapp.watchkitextension;
				PRODUCT_NAME = "${TARGET_NAME}";
				SDKROOT = watchos;
				SKIP_INSTALL = YES;
				TARGETED_DEVICE_FAMILY = 4;
				WATCHOS_DEPLOYMENT_TARGET = 2.0;
			};
			name = Release;
		};
		D2B8A2BD1BC6EA5200B4520F /* Debug */ = {
			isa = XCBuildConfiguration;
			buildSettings = {
				ASSETCATALOG_COMPILER_APPICON_NAME = AppIcon;
				EMBEDDED_CONTENT_CONTAINS_SWIFT = YES;
				IBSC_MODULE = Test1_WatchKit_Extension;
				INFOPLIST_FILE = "Test1 WatchKit App/Info.plist";
				PRODUCT_BUNDLE_IDENTIFIER = com.thunderweb.Test1.watchkitapp;
				PRODUCT_NAME = "$(TARGET_NAME)";
				SDKROOT = watchos;
				SKIP_INSTALL = YES;
				TARGETED_DEVICE_FAMILY = 4;
				WATCHOS_DEPLOYMENT_TARGET = 2.0;
			};
			name = Debug;
		};
		D2B8A2BE1BC6EA5200B4520F /* Release */ = {
			isa = XCBuildConfiguration;
			buildSettings = {
				ASSETCATALOG_COMPILER_APPICON_NAME = AppIcon;
				EMBEDDED_CONTENT_CONTAINS_SWIFT = YES;
				IBSC_MODULE = Test1_WatchKit_Extension;
				INFOPLIST_FILE = "Test1 WatchKit App/Info.plist";
				PRODUCT_BUNDLE_IDENTIFIER = com.thunderweb.Test1.watchkitapp;
				PRODUCT_NAME = "$(TARGET_NAME)";
				SDKROOT = watchos;
				SKIP_INSTALL = YES;
				TARGETED_DEVICE_FAMILY = 4;
				WATCHOS_DEPLOYMENT_TARGET = 2.0;
			};
			name = Release;
		};
		D2B8A2C11BC6EA5200B4520F /* Debug */ = {
			isa = XCBuildConfiguration;
			buildSettings = {
				ASSETCATALOG_COMPILER_APPICON_NAME = AppIcon;
				INFOPLIST_FILE = Test1/Info.plist;
				LD_RUNPATH_SEARCH_PATHS = "$(inherited) @executable_path/Frameworks";
				PRODUCT_BUNDLE_IDENTIFIER = com.thunderweb.Test1;
				PRODUCT_NAME = "$(TARGET_NAME)";
				TARGETED_DEVICE_FAMILY = "1,2";
			};
			name = Debug;
		};
		D2B8A2C21BC6EA5200B4520F /* Release */ = {
			isa = XCBuildConfiguration;
			buildSettings = {
				ASSETCATALOG_COMPILER_APPICON_NAME = AppIcon;
				INFOPLIST_FILE = Test1/Info.plist;
				LD_RUNPATH_SEARCH_PATHS = "$(inherited) @executable_path/Frameworks";
				PRODUCT_BUNDLE_IDENTIFIER = com.thunderweb.Test1;
				PRODUCT_NAME = "$(TARGET_NAME)";
				TARGETED_DEVICE_FAMILY = "1,2";
			};
			name = Release;
		};
		D2B8A2C41BC6EA5200B4520F /* Debug */ = {
			isa = XCBuildConfiguration;
			buildSettings = {
				BUNDLE_LOADER = "$(TEST_HOST)";
				INFOPLIST_FILE = Test1Tests/Info.plist;
				LD_RUNPATH_SEARCH_PATHS = "$(inherited) @executable_path/Frameworks @loader_path/Frameworks";
				PRODUCT_BUNDLE_IDENTIFIER = com.thunderweb.Test1Tests;
				PRODUCT_NAME = "$(TARGET_NAME)";
				TEST_HOST = "$(BUILT_PRODUCTS_DIR)/Test1.app/Test1";
			};
			name = Debug;
		};
		D2B8A2C51BC6EA5200B4520F /* Release */ = {
			isa = XCBuildConfiguration;
			buildSettings = {
				BUNDLE_LOADER = "$(TEST_HOST)";
				INFOPLIST_FILE = Test1Tests/Info.plist;
				LD_RUNPATH_SEARCH_PATHS = "$(inherited) @executable_path/Frameworks @loader_path/Frameworks";
				PRODUCT_BUNDLE_IDENTIFIER = com.thunderweb.Test1Tests;
				PRODUCT_NAME = "$(TARGET_NAME)";
				TEST_HOST = "$(BUILT_PRODUCTS_DIR)/Test1.app/Test1";
			};
			name = Release;
		};
		D2B8A2C71BC6EA5200B4520F /* Debug */ = {
			isa = XCBuildConfiguration;
			buildSettings = {
				INFOPLIST_FILE = Test1UITests/Info.plist;
				LD_RUNPATH_SEARCH_PATHS = "$(inherited) @executable_path/Frameworks @loader_path/Frameworks";
				PRODUCT_BUNDLE_IDENTIFIER = com.thunderweb.Test1UITests;
				PRODUCT_NAME = "$(TARGET_NAME)";
				TEST_TARGET_NAME = Test1;
				USES_XCTRUNNER = YES;
			};
			name = Debug;
		};
		D2B8A2C81BC6EA5200B4520F /* Release */ = {
			isa = XCBuildConfiguration;
			buildSettings = {
				INFOPLIST_FILE = Test1UITests/Info.plist;
				LD_RUNPATH_SEARCH_PATHS = "$(inherited) @executable_path/Frameworks @loader_path/Frameworks";
				PRODUCT_BUNDLE_IDENTIFIER = com.thunderweb.Test1UITests;
				PRODUCT_NAME = "$(TARGET_NAME)";
				TEST_TARGET_NAME = Test1;
				USES_XCTRUNNER = YES;
			};
			name = Release;
		};
/* End XCBuildConfiguration section */

/* Begin XCConfigurationList section */
		D2B8A2661BC6EA5200B4520F /* Build configuration list for PBXProject "Test1" */ = {
			isa = XCConfigurationList;
			buildConfigurations = (
				D2B8A2B61BC6EA5200B4520F /* Debug */,
				D2B8A2B71BC6EA5200B4520F /* Release */,
			);
			defaultConfigurationIsVisible = 0;
			defaultConfigurationName = Release;
		};
		D2B8A2B81BC6EA5200B4520F /* Build configuration list for PBXNativeTarget "Test1 WatchKit Extension" */ = {
			isa = XCConfigurationList;
			buildConfigurations = (
				D2B8A2B91BC6EA5200B4520F /* Debug */,
				D2B8A2BA1BC6EA5200B4520F /* Release */,
			);
			defaultConfigurationIsVisible = 0;
		};
		D2B8A2BC1BC6EA5200B4520F /* Build configuration list for PBXNativeTarget "Test1 WatchKit App" */ = {
			isa = XCConfigurationList;
			buildConfigurations = (
				D2B8A2BD1BC6EA5200B4520F /* Debug */,
				D2B8A2BE1BC6EA5200B4520F /* Release */,
			);
			defaultConfigurationIsVisible = 0;
		};
		D2B8A2C01BC6EA5200B4520F /* Build configuration list for PBXNativeTarget "Test1" */ = {
			isa = XCConfigurationList;
			buildConfigurations = (
				D2B8A2C11BC6EA5200B4520F /* Debug */,
				D2B8A2C21BC6EA5200B4520F /* Release */,
			);
			defaultConfigurationIsVisible = 0;
		};
		D2B8A2C31BC6EA5200B4520F /* Build configuration list for PBXNativeTarget "Test1Tests" */ = {
			isa = XCConfigurationList;
			buildConfigurations = (
				D2B8A2C41BC6EA5200B4520F /* Debug */,
				D2B8A2C51BC6EA5200B4520F /* Release */,
			);
			defaultConfigurationIsVisible = 0;
		};
		D2B8A2C61BC6EA5200B4520F /* Build configuration list for PBXNativeTarget "Test1UITests" */ = {
			isa = XCConfigurationList;
			buildConfigurations = (
				D2B8A2C71BC6EA5200B4520F /* Debug */,
				D2B8A2C81BC6EA5200B4520F /* Release */,
			);
			defaultConfigurationIsVisible = 0;
		};
/* End XCConfigurationList section */
	};
	rootObject = D2B8A2631BC6EA5200B4520F /* Project object */;
}
